<?xml version="1.0" encoding="utf-8"?>
<Project ToolsVersion="4.0" xmlns="http://schemas.microsoft.com/developer/msbuild/2003">
  <ItemGroup>
    <Filter Include="ImGui">
      <UniqueIdentifier>{8e78c63e-111f-4045-98d2-142152fdab9c}</UniqueIdentifier>
    </Filter>
    <Filter Include="Components">
      <UniqueIdentifier>{7ae4e052-2323-4cfd-bb16-8b6579811a71}</UniqueIdentifier>
    </Filter>
    <Filter Include="Input">
      <UniqueIdentifier>{744e2c70-c707-4381-9b40-8fe0adc97692}</UniqueIdentifier>
    </Filter>
    <Filter Include="Managers">
      <UniqueIdentifier>{25400450-72d1-4a81-b7f0-62b28bc9eb4a}</UniqueIdentifier>
    </Filter>
    <Filter Include="Misc Classes">
      <UniqueIdentifier>{ed9357ac-b36f-4a20-9406-518aa441e443}</UniqueIdentifier>
    </Filter>
    <Filter Include="Main Classes">
      <UniqueIdentifier>{f501b5d2-db58-47a3-b0fc-d8ab49e35a3f}</UniqueIdentifier>
    </Filter>
    <Filter Include="Event related classes">
      <UniqueIdentifier>{2e665e84-5477-48e0-b7b2-81188a58eaca}</UniqueIdentifier>
    </Filter>
    <Filter Include="Components\Base Component Interfaces">
      <UniqueIdentifier>{912a7b35-9cc1-47ce-9934-0951a8b4e5ce}</UniqueIdentifier>
    </Filter>
    <Filter Include="Components\StandardComponents">
      <UniqueIdentifier>{84ce3423-0ab6-4cf6-99f9-6aaf795f5086}</UniqueIdentifier>
    </Filter>
    <Filter Include="Components\RenderComponents">
      <UniqueIdentifier>{d63b0f91-00e9-49b7-8080-e1c9ac2d1fb9}</UniqueIdentifier>
    </Filter>
    <Filter Include="Command">
      <UniqueIdentifier>{8891e9e7-c645-4ed0-a404-e19e943a97e4}</UniqueIdentifier>
    </Filter>
  </ItemGroup>
  <ItemGroup>
    <ClInclude Include="..\3rdParty\Imgui\imconfig.h">
      <Filter>ImGui</Filter>
    </ClInclude>
    <ClInclude Include="..\3rdParty\Imgui\imgui.h">
      <Filter>ImGui</Filter>
    </ClInclude>
    <ClInclude Include="..\3rdParty\Imgui\backends\imgui_impl_opengl3.h">
      <Filter>ImGui</Filter>
    </ClInclude>
    <ClInclude Include="..\3rdParty\Imgui\backends\imgui_impl_opengl3_loader.h">
      <Filter>ImGui</Filter>
    </ClInclude>
    <ClInclude Include="..\3rdParty\Imgui\backends\imgui_impl_sdl2.h">
      <Filter>ImGui</Filter>
    </ClInclude>
    <ClInclude Include="..\3rdParty\Imgui\imgui_internal.h">
      <Filter>ImGui</Filter>
    </ClInclude>
    <ClInclude Include="..\3rdParty\Imgui\imgui_plot.h">
      <Filter>ImGui</Filter>
    </ClInclude>
    <ClInclude Include="..\3rdParty\Imgui\imstb_rectpack.h">
      <Filter>ImGui</Filter>
    </ClInclude>
    <ClInclude Include="..\3rdParty\Imgui\imstb_textedit.h">
      <Filter>ImGui</Filter>
    </ClInclude>
    <ClInclude Include="..\3rdParty\Imgui\imstb_truetype.h">
      <Filter>ImGui</Filter>
    </ClInclude>
    <ClInclude Include="Action.h">
      <Filter>Input</Filter>
    </ClInclude>
    <ClInclude Include="ButtonEnums.h">
      <Filter>Input</Filter>
    </ClInclude>
    <ClInclude Include="CommandBase.h">
      <Filter>Input</Filter>
    </ClInclude>
    <ClInclude Include="GamepadDevice.h">
      <Filter>Input</Filter>
    </ClInclude>
    <ClInclude Include="InputDeviceBase.h">
      <Filter>Input</Filter>
    </ClInclude>
    <ClInclude Include="InputManager.h">
      <Filter>Managers</Filter>
    </ClInclude>
    <ClInclude Include="Renderer.h">
      <Filter>Managers</Filter>
    </ClInclude>
    <ClInclude Include="ResourceManager.h">
      <Filter>Managers</Filter>
    </ClInclude>
    <ClInclude Include="SceneManager.h">
      <Filter>Managers</Filter>
    </ClInclude>
    <ClInclude Include="TimeManager.h">
      <Filter>Managers</Filter>
    </ClInclude>
    <ClInclude Include="Font.h">
      <Filter>Misc Classes</Filter>
    </ClInclude>
    <ClInclude Include="Scene.h">
      <Filter>Misc Classes</Filter>
    </ClInclude>
    <ClInclude Include="Singleton.h">
      <Filter>Misc Classes</Filter>
    </ClInclude>
    <ClInclude Include="Texture2D.h">
      <Filter>Misc Classes</Filter>
    </ClInclude>
    <ClInclude Include="KeyboardDevice.h">
      <Filter>Input</Filter>
    </ClInclude>
    <ClInclude Include="GameObject.h">
      <Filter>Main Classes</Filter>
    </ClInclude>
    <ClInclude Include="Minigin.h">
      <Filter>Main Classes</Filter>
    </ClInclude>
    <ClInclude Include="EventManager.h">
      <Filter>Managers</Filter>
    </ClInclude>
    <ClInclude Include="Subject.h">
      <Filter>Event related classes</Filter>
    </ClInclude>
    <ClInclude Include="Observer.h">
      <Filter>Event related classes</Filter>
    </ClInclude>
    <ClInclude Include="Event.h">
      <Filter>Event related classes</Filter>
    </ClInclude>
    <ClInclude Include="EventTypes.h">
      <Filter>Event related classes</Filter>
    </ClInclude>
    <ClInclude Include="Component.h">
      <Filter>Components\Base Component Interfaces</Filter>
    </ClInclude>
    <ClInclude Include="PhysicsComponent.h">
      <Filter>Components\Base Component Interfaces</Filter>
    </ClInclude>
    <ClInclude Include="RenderComponent.h">
      <Filter>Components\Base Component Interfaces</Filter>
    </ClInclude>
    <ClInclude Include="Transform.h">
      <Filter>Components\StandardComponents</Filter>
    </ClInclude>
    <ClInclude Include="TextureComponent.h">
      <Filter>Components\RenderComponents</Filter>
    </ClInclude>
    <ClInclude Include="TextComponent.h">
      <Filter>Components\RenderComponents</Filter>
    </ClInclude>
    <ClInclude Include="Command.h">
      <Filter>Command</Filter>
    </ClInclude>
    <ClInclude Include="ImGuiComponent.h">
      <Filter>Components\RenderComponents</Filter>
    </ClInclude>
    <ClInclude Include="Camera.h">
      <Filter>Misc Classes</Filter>
    </ClInclude>
  </ItemGroup>
  <ItemGroup>
    <ClCompile Include="..\3rdParty\Imgui\imgui.cpp">
      <Filter>ImGui</Filter>
    </ClCompile>
    <ClCompile Include="..\3rdParty\Imgui\imgui_demo.cpp">
      <Filter>ImGui</Filter>
    </ClCompile>
    <ClCompile Include="..\3rdParty\Imgui\imgui_draw.cpp">
      <Filter>ImGui</Filter>
    </ClCompile>
    <ClCompile Include="..\3rdParty\Imgui\backends\imgui_impl_opengl3.cpp">
      <Filter>ImGui</Filter>
    </ClCompile>
    <ClCompile Include="..\3rdParty\Imgui\backends\imgui_impl_sdl2.cpp">
      <Filter>ImGui</Filter>
    </ClCompile>
    <ClCompile Include="..\3rdParty\Imgui\imgui_plot.cpp">
      <Filter>ImGui</Filter>
    </ClCompile>
    <ClCompile Include="..\3rdParty\Imgui\imgui_tables.cpp">
      <Filter>ImGui</Filter>
    </ClCompile>
    <ClCompile Include="..\3rdParty\Imgui\imgui_widgets.cpp">
      <Filter>ImGui</Filter>
    </ClCompile>
    <ClCompile Include="Action.cpp">
      <Filter>Input</Filter>
    </ClCompile>
    <ClCompile Include="CommandBase.cpp">
      <Filter>Input</Filter>
    </ClCompile>
    <ClCompile Include="GamepadDevice.cpp">
      <Filter>Input</Filter>
    </ClCompile>
    <ClCompile Include="InputDeviceBase.cpp">
      <Filter>Input</Filter>
    </ClCompile>
    <ClCompile Include="InputManager.cpp">
      <Filter>Managers</Filter>
    </ClCompile>
    <ClCompile Include="Renderer.cpp">
      <Filter>Managers</Filter>
    </ClCompile>
    <ClCompile Include="ResourceManager.cpp">
      <Filter>Managers</Filter>
    </ClCompile>
    <ClCompile Include="SceneManager.cpp">
      <Filter>Managers</Filter>
    </ClCompile>
    <ClCompile Include="TimeManager.cpp">
      <Filter>Managers</Filter>
    </ClCompile>
    <ClCompile Include="Font.cpp">
      <Filter>Misc Classes</Filter>
    </ClCompile>
    <ClCompile Include="Scene.cpp">
      <Filter>Misc Classes</Filter>
    </ClCompile>
    <ClCompile Include="Texture2D.cpp">
      <Filter>Misc Classes</Filter>
    </ClCompile>
    <ClCompile Include="KeyboardDevice.cpp">
      <Filter>Input</Filter>
    </ClCompile>
    <ClCompile Include="GameObject.cpp">
      <Filter>Main Classes</Filter>
    </ClCompile>
    <ClCompile Include="Minigin.cpp">
      <Filter>Main Classes</Filter>
    </ClCompile>
    <ClCompile Include="EventManager.cpp">
      <Filter>Managers</Filter>
    </ClCompile>
    <ClCompile Include="Observer.cpp">
      <Filter>Event related classes</Filter>
    </ClCompile>
    <ClCompile Include="Subject.cpp">
      <Filter>Event related classes</Filter>
    </ClCompile>
    <ClCompile Include="Component.cpp">
      <Filter>Components\Base Component Interfaces</Filter>
    </ClCompile>
    <ClCompile Include="PhysicsComponent.cpp">
      <Filter>Components\Base Component Interfaces</Filter>
    </ClCompile>
    <ClCompile Include="RenderComponent.cpp">
      <Filter>Components\Base Component Interfaces</Filter>
    </ClCompile>
    <ClCompile Include="Transform.cpp">
      <Filter>Components\StandardComponents</Filter>
    </ClCompile>
    <ClCompile Include="TextComponent.cpp">
      <Filter>Components\RenderComponents</Filter>
    </ClCompile>
    <ClCompile Include="TextureComponent.cpp">
      <Filter>Components\RenderComponents</Filter>
    </ClCompile>
    <ClCompile Include="Command.cpp">
      <Filter>Command</Filter>
    </ClCompile>
    <ClCompile Include="ImGuiComponent.cpp">
      <Filter>Components\RenderComponents</Filter>
    </ClCompile>
    <ClCompile Include="Camera.cpp">
      <Filter>Misc Classes</Filter>
    </ClCompile>
  </ItemGroup>
</Project>