<?xml version="1.0" encoding="utf-8"?>
<Project ToolsVersion="4.0" xmlns="http://schemas.microsoft.com/developer/msbuild/2003">
  <ItemGroup>
    <Filter Include="Commands">
      <UniqueIdentifier>{7e4e767d-7607-4420-bebb-bedb2a995ade}</UniqueIdentifier>
    </Filter>
    <Filter Include="Components">
      <UniqueIdentifier>{abfc0b25-00cc-4c97-bd42-af9f21516aa2}</UniqueIdentifier>
    </Filter>
    <Filter Include="Components\PhysicsComponents">
      <UniqueIdentifier>{36cedbea-2907-4dfd-a82d-5a731bd3bb40}</UniqueIdentifier>
    </Filter>
    <Filter Include="Components\RenderComponents">
      <UniqueIdentifier>{afc46564-5972-4d40-9427-1046f535d2f3}</UniqueIdentifier>
    </Filter>
    <Filter Include="Components\StandardComponents">
      <UniqueIdentifier>{dad0329e-6334-49cf-bd18-2c9c1500fb01}</UniqueIdentifier>
    </Filter>
    <Filter Include="Managers">
      <UniqueIdentifier>{b8056ef8-2c66-4df7-8402-8e866fc2476c}</UniqueIdentifier>
    </Filter>
    <Filter Include="Components\StandardComponents\Colliders">
      <UniqueIdentifier>{befaf220-5df9-44aa-95a4-0e74005f98e1}</UniqueIdentifier>
    </Filter>
    <Filter Include="Events">
      <UniqueIdentifier>{c0250f49-672a-463c-9585-a67a5f40710d}</UniqueIdentifier>
    </Filter>
    <Filter Include="Components\StandardComponents\Bomb">
      <UniqueIdentifier>{10690e6c-b096-4318-96ff-2736e8788043}</UniqueIdentifier>
    </Filter>
    <Filter Include="FSM">
      <UniqueIdentifier>{b5106ff1-fd21-4b41-a58e-4c4284be4af4}</UniqueIdentifier>
    </Filter>
    <Filter Include="FSM\Base">
      <UniqueIdentifier>{c365151f-e9d3-4d7f-8016-c5cb555c1fc2}</UniqueIdentifier>
    </Filter>
    <Filter Include="FSM\Enemy">
      <UniqueIdentifier>{508ce5e0-ab98-478b-918f-ace1509c678b}</UniqueIdentifier>
    </Filter>
    <Filter Include="FSM\Bricks">
      <UniqueIdentifier>{7a1683d0-dd27-4bc1-9c5d-6e77a4eb24a4}</UniqueIdentifier>
    </Filter>
    <Filter Include="FSM\Player">
      <UniqueIdentifier>{35980e0f-d02e-433f-b5fc-0ceac36832c6}</UniqueIdentifier>
    </Filter>
    <Filter Include="FSM\Game">
      <UniqueIdentifier>{69f4d1ab-ae63-4638-b597-2fcaeba87ad2}</UniqueIdentifier>
    </Filter>
    <Filter Include="Commands\Menu">
      <UniqueIdentifier>{ab090780-768e-46b4-9cce-df0f01ee0225}</UniqueIdentifier>
    </Filter>
    <Filter Include="Commands\Game">
      <UniqueIdentifier>{30299e0d-1049-4fd3-8843-295947fda530}</UniqueIdentifier>
    </Filter>
  </ItemGroup>
  <ItemGroup>
    <ClCompile Include="HealthComponent.cpp">
      <Filter>Components\StandardComponents</Filter>
    </ClCompile>
    <ClCompile Include="FPSComponent.cpp">
      <Filter>Components\StandardComponents</Filter>
    </ClCompile>
    <ClCompile Include="ScoreComponent.cpp">
      <Filter>Components\StandardComponents</Filter>
    </ClCompile>
    <ClCompile Include="RotatorComponent.cpp">
      <Filter>Components\PhysicsComponents</Filter>
    </ClCompile>
    <ClCompile Include="Bomberman.cpp" />
    <ClCompile Include="BaseCollider.cpp">
      <Filter>Components\StandardComponents\Colliders</Filter>
    </ClCompile>
    <ClCompile Include="CollidersManager.cpp">
      <Filter>Managers</Filter>
    </ClCompile>
    <ClCompile Include="OctagonCollider.cpp">
      <Filter>Components\StandardComponents\Colliders</Filter>
    </ClCompile>
    <ClCompile Include="BoxCollider.cpp">
      <Filter>Components\StandardComponents\Colliders</Filter>
    </ClCompile>
    <ClCompile Include="BombExplodedEvent.cpp">
      <Filter>Events</Filter>
    </ClCompile>
    <ClCompile Include="ObjectDamagedEvent.cpp">
      <Filter>Events</Filter>
    </ClCompile>
    <ClCompile Include="ScoreAddedEvent.cpp">
      <Filter>Events</Filter>
    </ClCompile>
    <ClCompile Include="BombComponent.cpp">
      <Filter>Components\StandardComponents\Bomb</Filter>
    </ClCompile>
    <ClCompile Include="ExplosionComponent.cpp">
      <Filter>Components\StandardComponents\Bomb</Filter>
    </ClCompile>
    <ClCompile Include="StateMachineBase.cpp">
      <Filter>FSM\Base</Filter>
    </ClCompile>
    <ClCompile Include="StateMachineComponent.cpp">
      <Filter>Components\StandardComponents</Filter>
    </ClCompile>
    <ClCompile Include="RoamingState.cpp">
      <Filter>FSM\Enemy</Filter>
    </ClCompile>
    <ClCompile Include="ChaseState.cpp">
      <Filter>FSM\Enemy</Filter>
    </ClCompile>
    <ClCompile Include="DyingState.cpp">
      <Filter>FSM\Enemy</Filter>
    </ClCompile>
    <ClCompile Include="BrickIdleState.cpp">
      <Filter>FSM\Bricks</Filter>
    </ClCompile>
    <ClCompile Include="EnemyManager.cpp">
      <Filter>Managers</Filter>
    </ClCompile>
    <ClCompile Include="GameManager.cpp">
      <Filter>Managers</Filter>
    </ClCompile>
    <ClCompile Include="EnemyCollisionEvent.cpp">
      <Filter>Events</Filter>
    </ClCompile>
    <ClCompile Include="BrickDestroyedState.cpp">
      <Filter>FSM\Bricks</Filter>
    </ClCompile>
    <ClCompile Include="Grid.cpp">
      <Filter>Managers</Filter>
    </ClCompile>
    <ClCompile Include="PlayerIdleState.cpp">
      <Filter>FSM\Player</Filter>
    </ClCompile>
    <ClCompile Include="PlayerManager.cpp">
      <Filter>Managers</Filter>
    </ClCompile>
    <ClCompile Include="PlayerDeathState.cpp">
      <Filter>FSM\Player</Filter>
    </ClCompile>
    <ClCompile Include="MenuState.cpp">
      <Filter>FSM\Game</Filter>
    </ClCompile>
    <ClCompile Include="HUDManager.cpp">
      <Filter>Managers</Filter>
    </ClCompile>
    <ClCompile Include="HUDUpdater.cpp">
      <Filter>Components\StandardComponents</Filter>
    </ClCompile>
    <ClCompile Include="CursorMoveCommand.cpp">
      <Filter>Commands\Menu</Filter>
    </ClCompile>
    <ClCompile Include="AttackCommand.cpp">
      <Filter>Commands\Game</Filter>
    </ClCompile>
    <ClCompile Include="MoveCommand.cpp">
      <Filter>Commands\Game</Filter>
    </ClCompile>
    <ClCompile Include="ResetLevelCommand.cpp">
      <Filter>Commands\Game</Filter>
    </ClCompile>
    <ClCompile Include="SkipLevelCommand.cpp">
      <Filter>Commands\Game</Filter>
    </ClCompile>
    <ClCompile Include="LoadLevelState.cpp">
      <Filter>FSM\Game</Filter>
    </ClCompile>
    <ClCompile Include="StartGameEvent.cpp">
      <Filter>Events</Filter>
    </ClCompile>
    <ClCompile Include="CursorSelectCommand.cpp">
      <Filter>Commands\Menu</Filter>
    </ClCompile>
    <ClCompile Include="MainGameState.cpp">
      <Filter>FSM\Game</Filter>
    </ClCompile>
    <ClCompile Include="PlayerDiedEvent.cpp">
      <Filter>Events</Filter>
    </ClCompile>
    <ClCompile Include="PlayerGameOverState.cpp">
      <Filter>FSM\Player</Filter>
    </ClCompile>
    <ClCompile Include="GameOverMenuState.cpp">
      <Filter>FSM\Game</Filter>
    </ClCompile>
    <ClCompile Include="NameEntryManager.cpp">
      <Filter>Managers</Filter>
    </ClCompile>
    <ClCompile Include="IncDecLetterCommand.cpp">
      <Filter>Commands\Menu</Filter>
    </ClCompile>
    <ClCompile Include="SwitchLetterIndex.cpp">
      <Filter>Commands\Menu</Filter>
    </ClCompile>
    <ClCompile Include="NameConfirmEvent.cpp">
      <Filter>Events</Filter>
    </ClCompile>
    <ClCompile Include="NameConfirmCommand.cpp">
      <Filter>Commands\Menu</Filter>
    </ClCompile>
  </ItemGroup>
  <ItemGroup>
    <ClInclude Include="ScoreComponent.h">
      <Filter>Components\StandardComponents</Filter>
    </ClInclude>
    <ClInclude Include="HealthComponent.h">
      <Filter>Components\StandardComponents</Filter>
    </ClInclude>
    <ClInclude Include="FPSComponent.h">
      <Filter>Components\StandardComponents</Filter>
    </ClInclude>
    <ClInclude Include="RotatorComponent.h">
      <Filter>Components\PhysicsComponents</Filter>
    </ClInclude>
    <ClInclude Include="BaseCollider.h">
      <Filter>Components\StandardComponents\Colliders</Filter>
    </ClInclude>
    <ClInclude Include="CollidersManager.h">
      <Filter>Managers</Filter>
    </ClInclude>
    <ClInclude Include="OctagonCollider.h">
      <Filter>Components\StandardComponents\Colliders</Filter>
    </ClInclude>
    <ClInclude Include="BoxCollider.h">
      <Filter>Components\StandardComponents\Colliders</Filter>
    </ClInclude>
    <ClInclude Include="BombExplodedEvent.h">
      <Filter>Events</Filter>
    </ClInclude>
    <ClInclude Include="EventTypes.h">
      <Filter>Events</Filter>
    </ClInclude>
    <ClInclude Include="ObjectDamagedEvent.h">
      <Filter>Events</Filter>
    </ClInclude>
    <ClInclude Include="ScoreAddedEvent.h">
      <Filter>Events</Filter>
    </ClInclude>
    <ClInclude Include="SoundIds.h" />
    <ClInclude Include="BombComponent.h">
      <Filter>Components\StandardComponents\Bomb</Filter>
    </ClInclude>
    <ClInclude Include="ExplosionComponent.h">
      <Filter>Components\StandardComponents\Bomb</Filter>
    </ClInclude>
    <ClInclude Include="StateMachineBase.h">
      <Filter>FSM\Base</Filter>
    </ClInclude>
    <ClInclude Include="StateMachineComponent.h">
      <Filter>Components\StandardComponents</Filter>
    </ClInclude>
    <ClInclude Include="RoamingState.h">
      <Filter>FSM\Enemy</Filter>
    </ClInclude>
    <ClInclude Include="ChaseState.h">
      <Filter>FSM\Enemy</Filter>
    </ClInclude>
    <ClInclude Include="DyingState.h">
      <Filter>FSM\Enemy</Filter>
    </ClInclude>
    <ClInclude Include="BrickIdleState.h">
      <Filter>FSM\Bricks</Filter>
    </ClInclude>
    <ClInclude Include="LevelData.h" />
    <ClInclude Include="EnemyManager.h">
      <Filter>Managers</Filter>
    </ClInclude>
    <ClInclude Include="GameManager.h">
      <Filter>Managers</Filter>
    </ClInclude>
    <ClInclude Include="EnemyCollisionEvent.h">
      <Filter>Events</Filter>
    </ClInclude>
    <ClInclude Include="BrickDestroyedState.h">
      <Filter>FSM\Bricks</Filter>
    </ClInclude>
    <ClInclude Include="Grid.h">
      <Filter>Managers</Filter>
    </ClInclude>
    <ClInclude Include="PlayerIdleState.h">
      <Filter>FSM\Player</Filter>
    </ClInclude>
    <ClInclude Include="PlayerManager.h">
      <Filter>Managers</Filter>
    </ClInclude>
    <ClInclude Include="PlayerDeathState.h">
      <Filter>FSM\Player</Filter>
    </ClInclude>
    <ClInclude Include="MenuState.h">
      <Filter>FSM\Game</Filter>
    </ClInclude>
    <ClInclude Include="HUDManager.h">
      <Filter>Managers</Filter>
    </ClInclude>
    <ClInclude Include="HUDUpdater.h">
      <Filter>Components\StandardComponents</Filter>
    </ClInclude>
    <ClInclude Include="SceneNames.h" />
    <ClInclude Include="CursorMoveCommand.h">
      <Filter>Commands\Menu</Filter>
    </ClInclude>
    <ClInclude Include="AttackCommand.h">
      <Filter>Commands\Game</Filter>
    </ClInclude>
    <ClInclude Include="MoveCommand.h">
      <Filter>Commands\Game</Filter>
    </ClInclude>
    <ClInclude Include="ResetLevelCommand.h">
      <Filter>Commands\Game</Filter>
    </ClInclude>
    <ClInclude Include="SkipLevelCommand.h">
      <Filter>Commands\Game</Filter>
    </ClInclude>
    <ClInclude Include="LoadLevelState.h">
      <Filter>FSM\Game</Filter>
    </ClInclude>
    <ClInclude Include="StartGameEvent.h">
      <Filter>Events</Filter>
    </ClInclude>
    <ClInclude Include="CursorSelectCommand.h">
      <Filter>Commands\Menu</Filter>
    </ClInclude>
    <ClInclude Include="MainGameState.h">
      <Filter>FSM\Game</Filter>
    </ClInclude>
    <ClInclude Include="PlayerDiedEvent.h">
      <Filter>Events</Filter>
    </ClInclude>
    <ClInclude Include="PlayerGameOverState.h">
      <Filter>FSM\Player</Filter>
    </ClInclude>
    <ClInclude Include="GameOverMenuState.h">
      <Filter>FSM\Game</Filter>
    </ClInclude>
    <ClInclude Include="NameEntryManager.h">
      <Filter>Managers</Filter>
    </ClInclude>
    <ClInclude Include="IncDecLetterCommand.h">
      <Filter>Commands\Menu</Filter>
    </ClInclude>
    <ClInclude Include="SwitchLetterIndex.h">
      <Filter>Commands\Menu</Filter>
    </ClInclude>
    <ClInclude Include="NameConfirmEvent.h">
      <Filter>Events</Filter>
    </ClInclude>
    <ClInclude Include="NameConfirmCommand.h">
      <Filter>Commands\Menu</Filter>
    </ClInclude>
  </ItemGroup>
  <ItemGroup>
    <None Include="imgui.ini" />
  </ItemGroup>
</Project>