<?xml version="1.0" encoding="utf-8"?>
<Project ToolsVersion="4.0" xmlns="http://schemas.microsoft.com/developer/msbuild/2003">
  <ItemGroup>
    <Filter Include="Commands">
      <UniqueIdentifier>{7e4e767d-7607-4420-bebb-bedb2a995ade}</UniqueIdentifier>
    </Filter>
    <Filter Include="Components">
      <UniqueIdentifier>{abfc0b25-00cc-4c97-bd42-af9f21516aa2}</UniqueIdentifier>
    </Filter>
    <Filter Include="Components\PhysicsComponents">
      <UniqueIdentifier>{36cedbea-2907-4dfd-a82d-5a731bd3bb40}</UniqueIdentifier>
    </Filter>
    <Filter Include="Components\RenderComponents">
      <UniqueIdentifier>{afc46564-5972-4d40-9427-1046f535d2f3}</UniqueIdentifier>
    </Filter>
    <Filter Include="Components\StandardComponents">
      <UniqueIdentifier>{dad0329e-6334-49cf-bd18-2c9c1500fb01}</UniqueIdentifier>
    </Filter>
    <Filter Include="Managers">
      <UniqueIdentifier>{b8056ef8-2c66-4df7-8402-8e866fc2476c}</UniqueIdentifier>
    </Filter>
    <Filter Include="Components\StandardComponents\Colliders">
      <UniqueIdentifier>{befaf220-5df9-44aa-95a4-0e74005f98e1}</UniqueIdentifier>
    </Filter>
    <Filter Include="Events">
      <UniqueIdentifier>{c0250f49-672a-463c-9585-a67a5f40710d}</UniqueIdentifier>
    </Filter>
    <Filter Include="Components\StandardComponents\Bomb">
      <UniqueIdentifier>{10690e6c-b096-4318-96ff-2736e8788043}</UniqueIdentifier>
    </Filter>
  </ItemGroup>
  <ItemGroup>
    <ClCompile Include="AttackCommand.cpp">
      <Filter>Commands</Filter>
    </ClCompile>
    <ClCompile Include="MoveCommand.cpp">
      <Filter>Commands</Filter>
    </ClCompile>
    <ClCompile Include="HealthComponent.cpp">
      <Filter>Components\StandardComponents</Filter>
    </ClCompile>
    <ClCompile Include="FPSComponent.cpp">
      <Filter>Components\StandardComponents</Filter>
    </ClCompile>
    <ClCompile Include="ScoreComponent.cpp">
      <Filter>Components\StandardComponents</Filter>
    </ClCompile>
    <ClCompile Include="RotatorComponent.cpp">
      <Filter>Components\PhysicsComponents</Filter>
    </ClCompile>
    <ClCompile Include="Bomberman.cpp" />
    <ClCompile Include="BaseCollider.cpp">
      <Filter>Components\StandardComponents\Colliders</Filter>
    </ClCompile>
    <ClCompile Include="CollidersManager.cpp">
      <Filter>Managers</Filter>
    </ClCompile>
    <ClCompile Include="OctagonCollider.cpp">
      <Filter>Components\StandardComponents\Colliders</Filter>
    </ClCompile>
    <ClCompile Include="BoxCollider.cpp">
      <Filter>Components\StandardComponents\Colliders</Filter>
    </ClCompile>
    <ClCompile Include="BombExplodedEvent.cpp">
      <Filter>Events</Filter>
    </ClCompile>
    <ClCompile Include="ObjectDamagedEvent.cpp">
      <Filter>Events</Filter>
    </ClCompile>
    <ClCompile Include="ScoreAddedEvent.cpp">
      <Filter>Events</Filter>
    </ClCompile>
    <ClCompile Include="CrossCollider.cpp">
      <Filter>Components\StandardComponents\Colliders</Filter>
    </ClCompile>
    <ClCompile Include="BombComponent.cpp">
      <Filter>Components\StandardComponents\Bomb</Filter>
    </ClCompile>
    <ClCompile Include="ExplosionComponent.cpp">
      <Filter>Components\StandardComponents\Bomb</Filter>
    </ClCompile>
    <ClCompile Include="EnemyMovementComponent.cpp" />
    <ClCompile Include="EnemyManager.cpp" />
  </ItemGroup>
  <ItemGroup>
    <ClInclude Include="AttackCommand.h">
      <Filter>Commands</Filter>
    </ClInclude>
    <ClInclude Include="MoveCommand.h">
      <Filter>Commands</Filter>
    </ClInclude>
    <ClInclude Include="ScoreComponent.h">
      <Filter>Components\StandardComponents</Filter>
    </ClInclude>
    <ClInclude Include="HealthComponent.h">
      <Filter>Components\StandardComponents</Filter>
    </ClInclude>
    <ClInclude Include="FPSComponent.h">
      <Filter>Components\StandardComponents</Filter>
    </ClInclude>
    <ClInclude Include="RotatorComponent.h">
      <Filter>Components\PhysicsComponents</Filter>
    </ClInclude>
    <ClInclude Include="Grid.h" />
    <ClInclude Include="BaseCollider.h">
      <Filter>Components\StandardComponents\Colliders</Filter>
    </ClInclude>
    <ClInclude Include="CollidersManager.h">
      <Filter>Managers</Filter>
    </ClInclude>
    <ClInclude Include="OctagonCollider.h">
      <Filter>Components\StandardComponents\Colliders</Filter>
    </ClInclude>
    <ClInclude Include="BoxCollider.h">
      <Filter>Components\StandardComponents\Colliders</Filter>
    </ClInclude>
    <ClInclude Include="BombExplodedEvent.h">
      <Filter>Events</Filter>
    </ClInclude>
    <ClInclude Include="EventTypes.h">
      <Filter>Events</Filter>
    </ClInclude>
    <ClInclude Include="ObjectDamagedEvent.h">
      <Filter>Events</Filter>
    </ClInclude>
    <ClInclude Include="ScoreAddedEvent.h">
      <Filter>Events</Filter>
    </ClInclude>
    <ClInclude Include="SoundIds.h" />
    <ClInclude Include="CrossCollider.h">
      <Filter>Components\StandardComponents\Colliders</Filter>
    </ClInclude>
    <ClInclude Include="BombComponent.h">
      <Filter>Components\StandardComponents\Bomb</Filter>
    </ClInclude>
    <ClInclude Include="ExplosionComponent.h">
      <Filter>Components\StandardComponents\Bomb</Filter>
    </ClInclude>
    <ClInclude Include="EnemyMovementComponent.h" />
    <ClInclude Include="EnemyManager.h" />
  </ItemGroup>
  <ItemGroup>
    <None Include="imgui.ini" />
  </ItemGroup>
</Project>